<?xml version="1.0" encoding="utf-8"?>
<Project ToolsVersion="4.0" xmlns="http://schemas.microsoft.com/developer/msbuild/2003">
  <ItemGroup>
    <Filter Include="Source Files">
      <UniqueIdentifier>{4FC737F1-C7A5-4376-A066-2A32D752A2FF}</UniqueIdentifier>
      <Extensions>cpp;c;cc;cxx;c++;cppm;ixx;def;odl;idl;hpj;bat;asm;asmx</Extensions>
    </Filter>
    <Filter Include="Header Files">
      <UniqueIdentifier>{93995380-89BD-4b04-88EB-625FBE52EBFB}</UniqueIdentifier>
      <Extensions>h;hh;hpp;hxx;h++;hm;inl;inc;ipp;xsd</Extensions>
    </Filter>
    <Filter Include="Resource Files">
      <UniqueIdentifier>{67DA6AB6-F800-4c08-8B7A-83BB121AAD01}</UniqueIdentifier>
      <Extensions>rc;ico;cur;bmp;dlg;rc2;rct;bin;rgs;gif;jpg;jpeg;jpe;resx;tiff;tif;png;wav;mfcribbon-ms</Extensions>
    </Filter>
    <Filter Include="Header Files\objects">
      <UniqueIdentifier>{e243fec6-383b-4ccd-b984-93d570eeda47}</UniqueIdentifier>
    </Filter>
    <Filter Include="Header Files\resources">
      <UniqueIdentifier>{cd6bc9cd-bd90-40ac-9af1-fd7cf0b1ab01}</UniqueIdentifier>
    </Filter>
    <Filter Include="Source Files\objects">
      <UniqueIdentifier>{5f6f8063-44d0-45a5-a048-57e7d4bda7cf}</UniqueIdentifier>
    </Filter>
    <Filter Include="Source Files\objects\entities">
      <UniqueIdentifier>{09d00883-0dd9-47ac-946c-9b6b000c9096}</UniqueIdentifier>
    </Filter>
    <Filter Include="Header Files\objects\entites">
      <UniqueIdentifier>{cc8fab14-6714-432b-a814-ff7058fa32a9}</UniqueIdentifier>
    </Filter>
  </ItemGroup>
  <ItemGroup>
    <ClCompile Include="includes\glad\src\glad.c">
      <Filter>Source Files</Filter>
    </ClCompile>
    <ClCompile Include="OpenGlGame\Main.cpp">
      <Filter>Source Files</Filter>
    </ClCompile>
    <ClCompile Include="OpenGlGame\screen.cpp">
      <Filter>Source Files</Filter>
    </ClCompile>
    <ClCompile Include="OpenGlGame\globals\shaders.cpp">
      <Filter>Source Files</Filter>
    </ClCompile>
    <ClCompile Include="OpenGlGame\globals\models.cpp">
      <Filter>Source Files</Filter>
    </ClCompile>
    <ClCompile Include="OpenGlGame\physics.cpp">
      <Filter>Source Files</Filter>
    </ClCompile>
    <ClCompile Include="OpenGlGame\resources\shader.cpp">
      <Filter>Source Files</Filter>
    </ClCompile>
    <ClCompile Include="OpenGlGame\scene.cpp">
      <Filter>Source Files</Filter>
    </ClCompile>
    <ClCompile Include="OpenGlGame\essential\object.cpp">
      <Filter>Source Files</Filter>
    </ClCompile>
    <ClCompile Include="OpenGlGame\components\transform_component\transform_component.cpp">
      <Filter>Source Files</Filter>
    </ClCompile>
    <ClCompile Include="OpenGlGame\components\model_component\model_component.cpp">
      <Filter>Source Files</Filter>
    </ClCompile>
    <ClCompile Include="OpenGlGame\component_systems\component_system.cpp">
      <Filter>Source Files</Filter>
    </ClCompile>
    <ClCompile Include="OpenGlGame\component_systems\renderer_system\renderer_system.cpp">
      <Filter>Source Files</Filter>
    </ClCompile>
    <ClCompile Include="OpenGlGame\components\physics_component\physics_component.cpp">
      <Filter>Source Files</Filter>
    </ClCompile>
    <ClCompile Include="OpenGlGame\component_systems\transform_system\transform_system.cpp">
      <Filter>Source Files</Filter>
    </ClCompile>
    <ClCompile Include="OpenGlGame\component_systems\physics_system\physics_system.cpp">
      <Filter>Source Files</Filter>
    </ClCompile>
    <ClCompile Include="OpenGlGame\components\camera_component\camera_component.cpp">
      <Filter>Source Files</Filter>
    </ClCompile>
    <ClCompile Include="OpenGlGame\components\player_component\player_component.cpp">
      <Filter>Source Files</Filter>
    </ClCompile>
    <ClCompile Include="OpenGlGame\component_systems\player_system\player_system.cpp">
      <Filter>Source Files</Filter>
    </ClCompile>
    <ClCompile Include="OpenGlGame\components\lookable_component\lookable_component.cpp">
      <Filter>Source Files</Filter>
    </ClCompile>
    <ClCompile Include="OpenGlGame\components\light_components\light_component.cpp">
      <Filter>Source Files</Filter>
    </ClCompile>
    <ClCompile Include="OpenGlGame\components\light_components\directional_light_component.cpp">
      <Filter>Source Files</Filter>
    </ClCompile>
    <ClCompile Include="OpenGlGame\components\light_components\attenuation\attenuation_light_component.cpp">
      <Filter>Source Files</Filter>
    </ClCompile>
    <ClCompile Include="OpenGlGame\components\light_components\attenuation\point_light_component.cpp">
      <Filter>Source Files</Filter>
    </ClCompile>
    <ClCompile Include="OpenGlGame\components\light_components\attenuation\spot_light_component.cpp">
      <Filter>Source Files</Filter>
    </ClCompile>
    <ClCompile Include="OpenGlGame\components\lod_component\lod_component.cpp">
      <Filter>Source Files</Filter>
    </ClCompile>
    <ClCompile Include="OpenGlGame\globals\textures.cpp">
      <Filter>Source Files</Filter>
    </ClCompile>
    <ClCompile Include="OpenGlGame\components\box_cull_component\box_cull_component.cpp">
      <Filter>Source Files</Filter>
    </ClCompile>
    <ClCompile Include="OpenGlGame\mesh_gen\marching_cubes.cpp">
      <Filter>Source Files</Filter>
    </ClCompile>
    <ClCompile Include="OpenGlGame\components\chunk_strip_component\chunk_strip_component.cpp">
      <Filter>Source Files</Filter>
    </ClCompile>
    <ClCompile Include="OpenGlGame\components\world_component\world_component.cpp">
      <Filter>Source Files</Filter>
    </ClCompile>
    <ClCompile Include="OpenGlGame\component_systems\world_system\world_system.cpp">
      <Filter>Source Files</Filter>
    </ClCompile>
    <ClCompile Include="OpenGlGame\components\scene_component\scene_component.cpp">
      <Filter>Source Files</Filter>
    </ClCompile>
  </ItemGroup>
  <ItemGroup>
    <ClInclude Include="OpenGlGame\resources\shader.h">
      <Filter>Header Files\resources</Filter>
    </ClInclude>
    <ClInclude Include="OpenGlGame\resources\texture.h">
      <Filter>Header Files\resources</Filter>
    </ClInclude>
    <ClInclude Include="OpenGlGame\screen.h">
      <Filter>Header Files</Filter>
    </ClInclude>
    <ClInclude Include="OpenGlGame\resources\mesh.h">
      <Filter>Header Files</Filter>
    </ClInclude>
    <ClInclude Include="OpenGlGame\resources\model.h">
      <Filter>Header Files</Filter>
    </ClInclude>
    <ClInclude Include="OpenGlGame\globals\shaders.h">
      <Filter>Header Files</Filter>
    </ClInclude>
    <ClInclude Include="OpenGlGame\globals\models.h">
      <Filter>Header Files</Filter>
    </ClInclude>
    <ClInclude Include="OpenGlGame\physics.h">
      <Filter>Header Files</Filter>
    </ClInclude>
    <ClInclude Include="OpenGlGame\resources\material.h">
      <Filter>Header Files</Filter>
    </ClInclude>
    <ClInclude Include="OpenGlGame\scene.h">
      <Filter>Header Files</Filter>
    </ClInclude>
    <ClInclude Include="OpenGlGame\essential\object.h">
      <Filter>Header Files</Filter>
    </ClInclude>
    <ClInclude Include="OpenGlGame\components\transform_component\transform_component.h">
      <Filter>Header Files</Filter>
    </ClInclude>
    <ClInclude Include="OpenGlGame\components\components.h">
      <Filter>Header Files</Filter>
    </ClInclude>
    <ClInclude Include="OpenGlGame\components\model_component\model_component.h">
      <Filter>Header Files</Filter>
    </ClInclude>
    <ClInclude Include="OpenGlGame\component_systems\renderer_system\renderer_system.h">
      <Filter>Header Files</Filter>
    </ClInclude>
    <ClInclude Include="OpenGlGame\component_systems\component_system.h">
      <Filter>Header Files</Filter>
    </ClInclude>
    <ClInclude Include="OpenGlGame\components\physics_component\physics_component.h">
      <Filter>Header Files</Filter>
    </ClInclude>
    <ClInclude Include="OpenGlGame\component_systems\transform_system\transform_system.h">
      <Filter>Header Files</Filter>
    </ClInclude>
    <ClInclude Include="OpenGlGame\component_systems\physics_system\physics_system.h">
      <Filter>Header Files</Filter>
    </ClInclude>
    <ClInclude Include="OpenGlGame\components\camera_component\camera_component.h">
      <Filter>Header Files</Filter>
    </ClInclude>
    <ClInclude Include="OpenGlGame\components\player_component\player_component.h">
      <Filter>Header Files</Filter>
    </ClInclude>
    <ClInclude Include="OpenGlGame\component_systems\player_system\player_system.h">
      <Filter>Header Files</Filter>
    </ClInclude>
    <ClInclude Include="OpenGlGame\components\lookable_component\lookable_component.h">
      <Filter>Header Files</Filter>
    </ClInclude>
    <ClInclude Include="OpenGlGame\components\light_components\light_component.h">
      <Filter>Header Files</Filter>
    </ClInclude>
    <ClInclude Include="OpenGlGame\components\light_components\directional_light_component.h">
      <Filter>Header Files</Filter>
    </ClInclude>
    <ClInclude Include="OpenGlGame\components\light_components\attenuation\attenuation_light_component.h">
      <Filter>Header Files</Filter>
    </ClInclude>
    <ClInclude Include="OpenGlGame\components\light_components\attenuation\point_light_component.h">
      <Filter>Header Files</Filter>
    </ClInclude>
    <ClInclude Include="OpenGlGame\components\light_components\attenuation\spot_light_component.h">
      <Filter>Header Files</Filter>
    </ClInclude>
    <ClInclude Include="OpenGlGame\components\lod_component\lod_component.h">
      <Filter>Header Files</Filter>
    </ClInclude>
    <ClInclude Include="OpenGlGame\globals\textures.h">
      <Filter>Header Files</Filter>
    </ClInclude>
    <ClInclude Include="OpenGlGame\components\box_cull_component\box_cull_component.h">
      <Filter>Header Files</Filter>
    </ClInclude>
    <ClInclude Include="OpenGlGame\mesh_gen\marching_cubes.h">
      <Filter>Header Files</Filter>
    </ClInclude>
    <ClInclude Include="OpenGlGame\globals\macros.h">
      <Filter>Header Files</Filter>
    </ClInclude>
    <ClInclude Include="OpenGlGame\components\chunk_strip_component\chunk_strip_component.h">
      <Filter>Header Files</Filter>
    </ClInclude>
    <ClInclude Include="OpenGlGame\components\world_component\world_component.h">
      <Filter>Header Files</Filter>
    </ClInclude>
    <ClInclude Include="OpenGlGame\component_systems\world_system\world_system.h">
      <Filter>Header Files</Filter>
    </ClInclude>
    <ClInclude Include="OpenGlGame\components\scene_component\scene_component.h">
      <Filter>Header Files</Filter>
    </ClInclude>
  </ItemGroup>
</Project>